
Microsoft Visual Studio Solution File, Format Version 12.00
# Visual Studio Version 16
VisualStudioVersion = 16.0.30717.126
MinimumVisualStudioVersion = 10.0.40219.1
Project("{FAE04EC0-301F-11D3-BF4B-00C04F79EFBC}") = "SMS", "SMS\SMS.csproj", "{23FC9054-B931-4AAB-84BC-B0942D174359}"
EndProject
Project("{FAE04EC0-301F-11D3-BF4B-00C04F79EFBC}") = "WPF Webcam", "CS_sample\WPF Webcam\WPF Webcam\WPF Webcam.csproj", "{86C6005D-B1DF-4C7F-A035-BBA5602FF3ED}"
EndProject
Project("{FAE04EC0-301F-11D3-BF4B-00C04F79EFBC}") = "SMS.ComplaintManagement", "SMS.ComplaintManagement\SMS.ComplaintManagement.csproj", "{5D3C2F2B-F2AD-440E-8278-D089016E81DB}"
EndProject
Project("{FAE04EC0-301F-11D3-BF4B-00C04F79EFBC}") = "SUT.PrintEngine", "SUT.PrintEngine\SUT.PrintEngine.csproj", "{0B3D76D5-D9F4-4C0E-AFA9-143138EBC74D}"
EndProject
Project("{FAE04EC0-301F-11D3-BF4B-00C04F79EFBC}") = "SMS.Common", "SMS.Common\SMS.Common.csproj", "{05D572DD-638D-49A8-8286-FC84C853A6A3}"
EndProject
Project("{FAE04EC0-301F-11D3-BF4B-00C04F79EFBC}") = "SMS.DAL", "SMS.DAL\SMS.DAL.csproj", "{9DE549EC-84FA-48D3-BA15-710A4477D364}"
EndProject
Project("{FAE04EC0-301F-11D3-BF4B-00C04F79EFBC}") = "SMS.Core", "SMS.Core\SMS.Core.csproj", "{86B98369-2BA4-4F86-8E38-CA38BBDEEAFF}"
EndProject
Project("{FAE04EC0-301F-11D3-BF4B-00C04F79EFBC}") = "SMS.Models", "SMS.Models\SMS.Models.csproj", "{B10A9EBE-D0BC-4F60-A605-7C58091D62C0}"
EndProject
Project("{FAE04EC0-301F-11D3-BF4B-00C04F79EFBC}") = "SMS.Synchronizer", "SMS.Synchronizer\SMS.Synchronizer.csproj", "{D25E7EEE-5723-4A23-824B-1B40CC081B0C}"
EndProject
Global
	GlobalSection(SolutionConfigurationPlatforms) = preSolution
		Debug|Any CPU = Debug|Any CPU
		Debug|Mixed Platforms = Debug|Mixed Platforms
		Debug|x86 = Debug|x86
		Release|Any CPU = Release|Any CPU
		Release|Mixed Platforms = Release|Mixed Platforms
		Release|x86 = Release|x86
	EndGlobalSection
	GlobalSection(ProjectConfigurationPlatforms) = postSolution
		{23FC9054-B931-4AAB-84BC-B0942D174359}.Debug|Any CPU.ActiveCfg = Debug|x86
		{23FC9054-B931-4AAB-84BC-B0942D174359}.Debug|Mixed Platforms.ActiveCfg = Debug|x86
		{23FC9054-B931-4AAB-84BC-B0942D174359}.Debug|Mixed Platforms.Build.0 = Debug|x86
		{23FC9054-B931-4AAB-84BC-B0942D174359}.Debug|x86.ActiveCfg = Debug|x86
		{23FC9054-B931-4AAB-84BC-B0942D174359}.Debug|x86.Build.0 = Debug|x86
		{23FC9054-B931-4AAB-84BC-B0942D174359}.Release|Any CPU.ActiveCfg = Release|x86
		{23FC9054-B931-4AAB-84BC-B0942D174359}.Release|Mixed Platforms.ActiveCfg = Release|x86
		{23FC9054-B931-4AAB-84BC-B0942D174359}.Release|Mixed Platforms.Build.0 = Release|x86
		{23FC9054-B931-4AAB-84BC-B0942D174359}.Release|x86.ActiveCfg = Release|x86
		{23FC9054-B931-4AAB-84BC-B0942D174359}.Release|x86.Build.0 = Release|x86
		{86C6005D-B1DF-4C7F-A035-BBA5602FF3ED}.Debug|Any CPU.ActiveCfg = Debug|x86
		{86C6005D-B1DF-4C7F-A035-BBA5602FF3ED}.Debug|Mixed Platforms.ActiveCfg = Debug|x86
		{86C6005D-B1DF-4C7F-A035-BBA5602FF3ED}.Debug|Mixed Platforms.Build.0 = Debug|x86
		{86C6005D-B1DF-4C7F-A035-BBA5602FF3ED}.Debug|x86.ActiveCfg = Debug|x86
		{86C6005D-B1DF-4C7F-A035-BBA5602FF3ED}.Debug|x86.Build.0 = Debug|x86
		{86C6005D-B1DF-4C7F-A035-BBA5602FF3ED}.Release|Any CPU.ActiveCfg = Release|x86
		{86C6005D-B1DF-4C7F-A035-BBA5602FF3ED}.Release|Mixed Platforms.ActiveCfg = Release|x86
		{86C6005D-B1DF-4C7F-A035-BBA5602FF3ED}.Release|Mixed Platforms.Build.0 = Release|x86
		{86C6005D-B1DF-4C7F-A035-BBA5602FF3ED}.Release|x86.ActiveCfg = Release|x86
		{86C6005D-B1DF-4C7F-A035-BBA5602FF3ED}.Release|x86.Build.0 = Release|x86
		{5D3C2F2B-F2AD-440E-8278-D089016E81DB}.Debug|Any CPU.ActiveCfg = Debug|x86
		{5D3C2F2B-F2AD-440E-8278-D089016E81DB}.Debug|Mixed Platforms.ActiveCfg = Debug|x86
		{5D3C2F2B-F2AD-440E-8278-D089016E81DB}.Debug|Mixed Platforms.Build.0 = Debug|x86
		{5D3C2F2B-F2AD-440E-8278-D089016E81DB}.Debug|x86.ActiveCfg = Debug|x86
		{5D3C2F2B-F2AD-440E-8278-D089016E81DB}.Debug|x86.Build.0 = Debug|x86
		{5D3C2F2B-F2AD-440E-8278-D089016E81DB}.Release|Any CPU.ActiveCfg = Release|x86
		{5D3C2F2B-F2AD-440E-8278-D089016E81DB}.Release|Mixed Platforms.ActiveCfg = Release|x86
		{5D3C2F2B-F2AD-440E-8278-D089016E81DB}.Release|Mixed Platforms.Build.0 = Release|x86
		{5D3C2F2B-F2AD-440E-8278-D089016E81DB}.Release|x86.ActiveCfg = Release|x86
		{5D3C2F2B-F2AD-440E-8278-D089016E81DB}.Release|x86.Build.0 = Release|x86
		{0B3D76D5-D9F4-4C0E-AFA9-143138EBC74D}.Debug|Any CPU.ActiveCfg = Debug|Any CPU
		{0B3D76D5-D9F4-4C0E-AFA9-143138EBC74D}.Debug|Any CPU.Build.0 = Debug|Any CPU
		{0B3D76D5-D9F4-4C0E-AFA9-143138EBC74D}.Debug|Mixed Platforms.ActiveCfg = Debug|Any CPU
		{0B3D76D5-D9F4-4C0E-AFA9-143138EBC74D}.Debug|Mixed Platforms.Build.0 = Debug|Any CPU
		{0B3D76D5-D9F4-4C0E-AFA9-143138EBC74D}.Debug|x86.ActiveCfg = Debug|Any CPU
		{0B3D76D5-D9F4-4C0E-AFA9-143138EBC74D}.Debug|x86.Build.0 = Debug|Any CPU
		{0B3D76D5-D9F4-4C0E-AFA9-143138EBC74D}.Release|Any CPU.ActiveCfg = Release|Any CPU
		{0B3D76D5-D9F4-4C0E-AFA9-143138EBC74D}.Release|Any CPU.Build.0 = Release|Any CPU
		{0B3D76D5-D9F4-4C0E-AFA9-143138EBC74D}.Release|Mixed Platforms.ActiveCfg = Release|Any CPU
		{0B3D76D5-D9F4-4C0E-AFA9-143138EBC74D}.Release|Mixed Platforms.Build.0 = Release|Any CPU
		{0B3D76D5-D9F4-4C0E-AFA9-143138EBC74D}.Release|x86.ActiveCfg = Release|Any CPU
		{0B3D76D5-D9F4-4C0E-AFA9-143138EBC74D}.Release|x86.Build.0 = Release|Any CPU
		{05D572DD-638D-49A8-8286-FC84C853A6A3}.Debug|Any CPU.ActiveCfg = Debug|Any CPU
		{05D572DD-638D-49A8-8286-FC84C853A6A3}.Debug|Any CPU.Build.0 = Debug|Any CPU
		{05D572DD-638D-49A8-8286-FC84C853A6A3}.Debug|Mixed Platforms.ActiveCfg = Debug|Any CPU
		{05D572DD-638D-49A8-8286-FC84C853A6A3}.Debug|Mixed Platforms.Build.0 = Debug|Any CPU
		{05D572DD-638D-49A8-8286-FC84C853A6A3}.Debug|x86.ActiveCfg = Debug|Any CPU
		{05D572DD-638D-49A8-8286-FC84C853A6A3}.Debug|x86.Build.0 = Debug|Any CPU
		{05D572DD-638D-49A8-8286-FC84C853A6A3}.Release|Any CPU.ActiveCfg = Release|Any CPU
		{05D572DD-638D-49A8-8286-FC84C853A6A3}.Release|Any CPU.Build.0 = Release|Any CPU
		{05D572DD-638D-49A8-8286-FC84C853A6A3}.Release|Mixed Platforms.ActiveCfg = Release|Any CPU
		{05D572DD-638D-49A8-8286-FC84C853A6A3}.Release|Mixed Platforms.Build.0 = Release|Any CPU
		{05D572DD-638D-49A8-8286-FC84C853A6A3}.Release|x86.ActiveCfg = Release|Any CPU
		{05D572DD-638D-49A8-8286-FC84C853A6A3}.Release|x86.Build.0 = Release|Any CPU
		{9DE549EC-84FA-48D3-BA15-710A4477D364}.Debug|Any CPU.ActiveCfg = Debug|Any CPU
		{9DE549EC-84FA-48D3-BA15-710A4477D364}.Debug|Any CPU.Build.0 = Debug|Any CPU
		{9DE549EC-84FA-48D3-BA15-710A4477D364}.Debug|Mixed Platforms.ActiveCfg = Debug|Any CPU
		{9DE549EC-84FA-48D3-BA15-710A4477D364}.Debug|Mixed Platforms.Build.0 = Debug|Any CPU
		{9DE549EC-84FA-48D3-BA15-710A4477D364}.Debug|x86.ActiveCfg = Debug|Any CPU
		{9DE549EC-84FA-48D3-BA15-710A4477D364}.Debug|x86.Build.0 = Debug|Any CPU
		{9DE549EC-84FA-48D3-BA15-710A4477D364}.Release|Any CPU.ActiveCfg = Release|Any CPU
		{9DE549EC-84FA-48D3-BA15-710A4477D364}.Release|Any CPU.Build.0 = Release|Any CPU
		{9DE549EC-84FA-48D3-BA15-710A4477D364}.Release|Mixed Platforms.ActiveCfg = Release|Any CPU
		{9DE549EC-84FA-48D3-BA15-710A4477D364}.Release|Mixed Platforms.Build.0 = Release|Any CPU
		{9DE549EC-84FA-48D3-BA15-710A4477D364}.Release|x86.ActiveCfg = Release|Any CPU
		{9DE549EC-84FA-48D3-BA15-710A4477D364}.Release|x86.Build.0 = Release|Any CPU
		{86B98369-2BA4-4F86-8E38-CA38BBDEEAFF}.Debug|Any CPU.ActiveCfg = Debug|Any CPU
		{86B98369-2BA4-4F86-8E38-CA38BBDEEAFF}.Debug|Any CPU.Build.0 = Debug|Any CPU
		{86B98369-2BA4-4F86-8E38-CA38BBDEEAFF}.Debug|Mixed Platforms.ActiveCfg = Debug|Any CPU
		{86B98369-2BA4-4F86-8E38-CA38BBDEEAFF}.Debug|Mixed Platforms.Build.0 = Debug|Any CPU
		{86B98369-2BA4-4F86-8E38-CA38BBDEEAFF}.Debug|x86.ActiveCfg = Debug|Any CPU
		{86B98369-2BA4-4F86-8E38-CA38BBDEEAFF}.Debug|x86.Build.0 = Debug|Any CPU
		{86B98369-2BA4-4F86-8E38-CA38BBDEEAFF}.Release|Any CPU.ActiveCfg = Release|Any CPU
		{86B98369-2BA4-4F86-8E38-CA38BBDEEAFF}.Release|Any CPU.Build.0 = Release|Any CPU
		{86B98369-2BA4-4F86-8E38-CA38BBDEEAFF}.Release|Mixed Platforms.ActiveCfg = Release|Any CPU
		{86B98369-2BA4-4F86-8E38-CA38BBDEEAFF}.Release|Mixed Platforms.Build.0 = Release|Any CPU
		{86B98369-2BA4-4F86-8E38-CA38BBDEEAFF}.Release|x86.ActiveCfg = Release|Any CPU
		{86B98369-2BA4-4F86-8E38-CA38BBDEEAFF}.Release|x86.Build.0 = Release|Any CPU
		{B10A9EBE-D0BC-4F60-A605-7C58091D62C0}.Debug|Any CPU.ActiveCfg = Debug|Any CPU
		{B10A9EBE-D0BC-4F60-A605-7C58091D62C0}.Debug|Any CPU.Build.0 = Debug|Any CPU
		{B10A9EBE-D0BC-4F60-A605-7C58091D62C0}.Debug|Mixed Platforms.ActiveCfg = Debug|Any CPU
		{B10A9EBE-D0BC-4F60-A605-7C58091D62C0}.Debug|Mixed Platforms.Build.0 = Debug|Any CPU
		{B10A9EBE-D0BC-4F60-A605-7C58091D62C0}.Debug|x86.ActiveCfg = Debug|Any CPU
		{B10A9EBE-D0BC-4F60-A605-7C58091D62C0}.Debug|x86.Build.0 = Debug|Any CPU
		{B10A9EBE-D0BC-4F60-A605-7C58091D62C0}.Release|Any CPU.ActiveCfg = Release|Any CPU
		{B10A9EBE-D0BC-4F60-A605-7C58091D62C0}.Release|Any CPU.Build.0 = Release|Any CPU
		{B10A9EBE-D0BC-4F60-A605-7C58091D62C0}.Release|Mixed Platforms.ActiveCfg = Release|Any CPU
		{B10A9EBE-D0BC-4F60-A605-7C58091D62C0}.Release|Mixed Platforms.Build.0 = Release|Any CPU
		{B10A9EBE-D0BC-4F60-A605-7C58091D62C0}.Release|x86.ActiveCfg = Release|Any CPU
		{B10A9EBE-D0BC-4F60-A605-7C58091D62C0}.Release|x86.Build.0 = Release|Any CPU
		{D25E7EEE-5723-4A23-824B-1B40CC081B0C}.Debug|Any CPU.ActiveCfg = Debug|Any CPU
		{D25E7EEE-5723-4A23-824B-1B40CC081B0C}.Debug|Any CPU.Build.0 = Debug|Any CPU
		{D25E7EEE-5723-4A23-824B-1B40CC081B0C}.Debug|Mixed Platforms.ActiveCfg = Debug|Any CPU
		{D25E7EEE-5723-4A23-824B-1B40CC081B0C}.Debug|Mixed Platforms.Build.0 = Debug|Any CPU
		{D25E7EEE-5723-4A23-824B-1B40CC081B0C}.Debug|x86.ActiveCfg = Debug|Any CPU
		{D25E7EEE-5723-4A23-824B-1B40CC081B0C}.Debug|x86.Build.0 = Debug|Any CPU
		{D25E7EEE-5723-4A23-824B-1B40CC081B0C}.Release|Any CPU.ActiveCfg = Release|Any CPU
		{D25E7EEE-5723-4A23-824B-1B40CC081B0C}.Release|Any CPU.Build.0 = Release|Any CPU
		{D25E7EEE-5723-4A23-824B-1B40CC081B0C}.Release|Mixed Platforms.ActiveCfg = Release|Any CPU
		{D25E7EEE-5723-4A23-824B-1B40CC081B0C}.Release|Mixed Platforms.Build.0 = Release|Any CPU
		{D25E7EEE-5723-4A23-824B-1B40CC081B0C}.Release|x86.ActiveCfg = Release|Any CPU
		{D25E7EEE-5723-4A23-824B-1B40CC081B0C}.Release|x86.Build.0 = Release|Any CPU
	EndGlobalSection
	GlobalSection(SolutionProperties) = preSolution
		HideSolutionNode = FALSE
	EndGlobalSection
	GlobalSection(ExtensibilityGlobals) = postSolution
		SolutionGuid = {EAD02C08-AE2A-4F44-AA56-3EC6395B4AF4}
	EndGlobalSection
EndGlobal
