
Microsoft Visual Studio Solution File, Format Version 12.00
# Visual Studio 14
VisualStudioVersion = 14.0.25420.1
MinimumVisualStudioVersion = 10.0.40219.1
Project("{FAE04EC0-301F-11D3-BF4B-00C04F79EFBC}") = "SMS", "SMS\SMS.csproj", "{23FC9054-B931-4AAB-84BC-B0942D174359}"
EndProject
Project("{FAE04EC0-301F-11D3-BF4B-00C04F79EFBC}") = "WPF Webcam", "CS_sample\WPF Webcam\WPF Webcam\WPF Webcam.csproj", "{86C6005D-B1DF-4C7F-A035-BBA5602FF3ED}"
EndProject
Project("{FAE04EC0-301F-11D3-BF4B-00C04F79EFBC}") = "SUT.PrintEngine", "SUT.PrintEngine\SUT.PrintEngine.csproj", "{0B3D76D5-D9F4-4C0E-AFA9-143138EBC74D}"
EndProject
Project("{54435603-DBB4-11D2-8724-00A0C9A8B90C}") = "SMS-11Feb", "SMS-11Feb\SMS-11Feb.vdproj", "{3E3598D2-0F0D-412E-A828-4F9A101B1516}"
EndProject
Global
	GlobalSection(SolutionConfigurationPlatforms) = preSolution
		Debug|Any CPU = Debug|Any CPU
		Debug|Mixed Platforms = Debug|Mixed Platforms
		Debug|x86 = Debug|x86
		Release|Any CPU = Release|Any CPU
		Release|Mixed Platforms = Release|Mixed Platforms
		Release|x86 = Release|x86
	EndGlobalSection
	GlobalSection(ProjectConfigurationPlatforms) = postSolution
		{23FC9054-B931-4AAB-84BC-B0942D174359}.Debug|Any CPU.ActiveCfg = Debug|x86
		{23FC9054-B931-4AAB-84BC-B0942D174359}.Debug|Mixed Platforms.ActiveCfg = Debug|x86
		{23FC9054-B931-4AAB-84BC-B0942D174359}.Debug|Mixed Platforms.Build.0 = Debug|x86
		{23FC9054-B931-4AAB-84BC-B0942D174359}.Debug|x86.ActiveCfg = Debug|x86
		{23FC9054-B931-4AAB-84BC-B0942D174359}.Debug|x86.Build.0 = Debug|x86
		{23FC9054-B931-4AAB-84BC-B0942D174359}.Release|Any CPU.ActiveCfg = Release|x86
		{23FC9054-B931-4AAB-84BC-B0942D174359}.Release|Mixed Platforms.ActiveCfg = Release|x86
		{23FC9054-B931-4AAB-84BC-B0942D174359}.Release|Mixed Platforms.Build.0 = Release|x86
		{23FC9054-B931-4AAB-84BC-B0942D174359}.Release|x86.ActiveCfg = Release|x86
		{23FC9054-B931-4AAB-84BC-B0942D174359}.Release|x86.Build.0 = Release|x86
		{86C6005D-B1DF-4C7F-A035-BBA5602FF3ED}.Debug|Any CPU.ActiveCfg = Debug|x86
		{86C6005D-B1DF-4C7F-A035-BBA5602FF3ED}.Debug|Mixed Platforms.ActiveCfg = Debug|x86
		{86C6005D-B1DF-4C7F-A035-BBA5602FF3ED}.Debug|Mixed Platforms.Build.0 = Debug|x86
		{86C6005D-B1DF-4C7F-A035-BBA5602FF3ED}.Debug|x86.ActiveCfg = Debug|x86
		{86C6005D-B1DF-4C7F-A035-BBA5602FF3ED}.Debug|x86.Build.0 = Debug|x86
		{86C6005D-B1DF-4C7F-A035-BBA5602FF3ED}.Release|Any CPU.ActiveCfg = Release|x86
		{86C6005D-B1DF-4C7F-A035-BBA5602FF3ED}.Release|Mixed Platforms.ActiveCfg = Release|x86
		{86C6005D-B1DF-4C7F-A035-BBA5602FF3ED}.Release|Mixed Platforms.Build.0 = Release|x86
		{86C6005D-B1DF-4C7F-A035-BBA5602FF3ED}.Release|x86.ActiveCfg = Release|x86
		{86C6005D-B1DF-4C7F-A035-BBA5602FF3ED}.Release|x86.Build.0 = Release|x86
		{0B3D76D5-D9F4-4C0E-AFA9-143138EBC74D}.Debug|Any CPU.ActiveCfg = Debug|Any CPU
		{0B3D76D5-D9F4-4C0E-AFA9-143138EBC74D}.Debug|Any CPU.Build.0 = Debug|Any CPU
		{0B3D76D5-D9F4-4C0E-AFA9-143138EBC74D}.Debug|Mixed Platforms.ActiveCfg = Debug|Any CPU
		{0B3D76D5-D9F4-4C0E-AFA9-143138EBC74D}.Debug|Mixed Platforms.Build.0 = Debug|Any CPU
		{0B3D76D5-D9F4-4C0E-AFA9-143138EBC74D}.Debug|x86.ActiveCfg = Debug|Any CPU
		{0B3D76D5-D9F4-4C0E-AFA9-143138EBC74D}.Debug|x86.Build.0 = Debug|Any CPU
		{0B3D76D5-D9F4-4C0E-AFA9-143138EBC74D}.Release|Any CPU.ActiveCfg = Release|Any CPU
		{0B3D76D5-D9F4-4C0E-AFA9-143138EBC74D}.Release|Any CPU.Build.0 = Release|Any CPU
		{0B3D76D5-D9F4-4C0E-AFA9-143138EBC74D}.Release|Mixed Platforms.ActiveCfg = Release|Any CPU
		{0B3D76D5-D9F4-4C0E-AFA9-143138EBC74D}.Release|Mixed Platforms.Build.0 = Release|Any CPU
		{0B3D76D5-D9F4-4C0E-AFA9-143138EBC74D}.Release|x86.ActiveCfg = Release|Any CPU
		{0B3D76D5-D9F4-4C0E-AFA9-143138EBC74D}.Release|x86.Build.0 = Release|Any CPU
		{3E3598D2-0F0D-412E-A828-4F9A101B1516}.Debug|Any CPU.ActiveCfg = Debug
		{3E3598D2-0F0D-412E-A828-4F9A101B1516}.Debug|Mixed Platforms.ActiveCfg = Debug
		{3E3598D2-0F0D-412E-A828-4F9A101B1516}.Debug|x86.ActiveCfg = Debug
		{3E3598D2-0F0D-412E-A828-4F9A101B1516}.Release|Any CPU.ActiveCfg = Release
		{3E3598D2-0F0D-412E-A828-4F9A101B1516}.Release|Mixed Platforms.ActiveCfg = Release
		{3E3598D2-0F0D-412E-A828-4F9A101B1516}.Release|x86.ActiveCfg = Release
	EndGlobalSection
	GlobalSection(SolutionProperties) = preSolution
		HideSolutionNode = FALSE
	EndGlobalSection
EndGlobal
